// !$*UTF8*$!
{
	archiveVersion = 1;
	classes = {
	};
	objectVersion = 77;
	objects = {

/* Begin PBXBuildFile section */
		37E2D2D22E0453A90027452D /* SwiftBasicFormat in Frameworks */ = {isa = PBXBuildFile; productRef = 37E2D2D12E0453A90027452D /* SwiftBasicFormat */; };
		37E2D2D42E0453A90027452D /* SwiftCompilerPlugin in Frameworks */ = {isa = PBXBuildFile; productRef = 37E2D2D32E0453A90027452D /* SwiftCompilerPlugin */; };
		37E2D2D62E0453A90027452D /* SwiftDiagnostics in Frameworks */ = {isa = PBXBuildFile; productRef = 37E2D2D52E0453A90027452D /* SwiftDiagnostics */; };
		37E2D2D82E0453A90027452D /* SwiftIDEUtils in Frameworks */ = {isa = PBXBuildFile; productRef = 37E2D2D72E0453A90027452D /* SwiftIDEUtils */; };
		37E2D2DA2E0453A90027452D /* SwiftIfConfig in Frameworks */ = {isa = PBXBuildFile; productRef = 37E2D2D92E0453A90027452D /* SwiftIfConfig */; };
		37E2D2DD2E0453BF0027452D /* CodableCSV in Frameworks */ = {isa = PBXBuildFile; productRef = 37E2D2DC2E0453BF0027452D /* CodableCSV */; };
		37E2D2E02E0453CE0027452D /* Logging in Frameworks */ = {isa = PBXBuildFile; productRef = 37E2D2DF2E0453CE0027452D /* Logging */; };
/* End PBXBuildFile section */

/* Begin PBXFileReference section */
		372FF0A42DFAFFCB00259205 /* protector.app */ = {isa = PBXFileReference; explicitFileType = wrapper.application; includeInIndex = 0; path = protector.app; sourceTree = BUILT_PRODUCTS_DIR; };
/* End PBXFileReference section */

/* Begin PBXFileSystemSynchronizedRootGroup section */
		372FF0A62DFAFFCB00259205 /* protector */ = {
			isa = PBXFileSystemSynchronizedRootGroup;
			path = protector;
			sourceTree = "<group>";
		};
/* End PBXFileSystemSynchronizedRootGroup section */

/* Begin PBXFrameworksBuildPhase section */
		372FF0A12DFAFFCB00259205 /* Frameworks */ = {
			isa = PBXFrameworksBuildPhase;
			buildActionMask = 2147483647;
			files = (
				37E2D2D62E0453A90027452D /* SwiftDiagnostics in Frameworks */,
				37E2D2D82E0453A90027452D /* SwiftIDEUtils in Frameworks */,
				37E2D2E02E0453CE0027452D /* Logging in Frameworks */,
				37E2D2DA2E0453A90027452D /* SwiftIfConfig in Frameworks */,
				37E2D2D42E0453A90027452D /* SwiftCompilerPlugin in Frameworks */,
				37E2D2DD2E0453BF0027452D /* CodableCSV in Frameworks */,
				37E2D2D22E0453A90027452D /* SwiftBasicFormat in Frameworks */,
			);
			runOnlyForDeploymentPostprocessing = 0;
		};
/* End PBXFrameworksBuildPhase section */

/* Begin PBXGroup section */
		3704439F2E020561008705E5 /* Frameworks */ = {
			isa = PBXGroup;
			children = (
			);
			name = Frameworks;
			sourceTree = "<group>";
		};
		372FF09B2DFAFFCA00259205 = {
			isa = PBXGroup;
			children = (
				372FF0A62DFAFFCB00259205 /* protector */,
				3704439F2E020561008705E5 /* Frameworks */,
				372FF0A52DFAFFCB00259205 /* Products */,
			);
			sourceTree = "<group>";
		};
		372FF0A52DFAFFCB00259205 /* Products */ = {
			isa = PBXGroup;
			children = (
				372FF0A42DFAFFCB00259205 /* protector.app */,
			);
			name = Products;
			sourceTree = "<group>";
		};
/* End PBXGroup section */

/* Begin PBXNativeTarget section */
		372FF0A32DFAFFCB00259205 /* protector */ = {
			isa = PBXNativeTarget;
			buildConfigurationList = 372FF0B82DFAFFCD00259205 /* Build configuration list for PBXNativeTarget "protector" */;
			buildPhases = (
				372FF0A02DFAFFCB00259205 /* Sources */,
				372FF0A12DFAFFCB00259205 /* Frameworks */,
				372FF0A22DFAFFCB00259205 /* Resources */,
			);
			buildRules = (
			);
			dependencies = (
			);
			fileSystemSynchronizedGroups = (
				372FF0A62DFAFFCB00259205 /* protector */,
			);
			name = protector;
			packageProductDependencies = (
				37E2D2D12E0453A90027452D /* SwiftBasicFormat */,
				37E2D2D32E0453A90027452D /* SwiftCompilerPlugin */,
				37E2D2D52E0453A90027452D /* SwiftDiagnostics */,
				37E2D2D72E0453A90027452D /* SwiftIDEUtils */,
				37E2D2D92E0453A90027452D /* SwiftIfConfig */,
				37E2D2DC2E0453BF0027452D /* CodableCSV */,
				37E2D2DF2E0453CE0027452D /* Logging */,
			);
			productName = protector;
			productReference = 372FF0A42DFAFFCB00259205 /* protector.app */;
			productType = "com.apple.product-type.application";
		};
/* End PBXNativeTarget section */

/* Begin PBXProject section */
		372FF09C2DFAFFCA00259205 /* Project object */ = {
			isa = PBXProject;
			attributes = {
				BuildIndependentTargetsInParallel = 1;
				LastSwiftUpdateCheck = 1600;
				LastUpgradeCheck = 1600;
				TargetAttributes = {
					372FF0A32DFAFFCB00259205 = {
						CreatedOnToolsVersion = 16.0;
					};
				};
			};
			buildConfigurationList = 372FF09F2DFAFFCA00259205 /* Build configuration list for PBXProject "protector" */;
			developmentRegion = en;
			hasScannedForEncodings = 0;
			knownRegions = (
				en,
				Base,
			);
			mainGroup = 372FF09B2DFAFFCA00259205;
			minimizedProjectReferenceProxies = 1;
			packageReferences = (
				37E2D2D02E0453A90027452D /* XCRemoteSwiftPackageReference "swift-syntax" */,
				37E2D2DB2E0453BF0027452D /* XCRemoteSwiftPackageReference "CodableCSV" */,
				37E2D2DE2E0453CE0027452D /* XCRemoteSwiftPackageReference "swift-log" */,
			);
			preferredProjectObjectVersion = 77;
			productRefGroup = 372FF0A52DFAFFCB00259205 /* Products */;
			projectDirPath = "";
			projectRoot = "";
			targets = (
				372FF0A32DFAFFCB00259205 /* protector */,
			);
		};
/* End PBXProject section */

/* Begin PBXResourcesBuildPhase section */
		372FF0A22DFAFFCB00259205 /* Resources */ = {
			isa = PBXResourcesBuildPhase;
			buildActionMask = 2147483647;
			files = (
			);
			runOnlyForDeploymentPostprocessing = 0;
		};
/* End PBXResourcesBuildPhase section */

/* Begin PBXSourcesBuildPhase section */
		372FF0A02DFAFFCB00259205 /* Sources */ = {
			isa = PBXSourcesBuildPhase;
			buildActionMask = 2147483647;
			files = (
			);
			runOnlyForDeploymentPostprocessing = 0;
		};
/* End PBXSourcesBuildPhase section */

/* Begin XCBuildConfiguration section */
		372FF0B62DFAFFCD00259205 /* Debug */ = {
			isa = XCBuildConfiguration;
			buildSettings = {
				ALWAYS_SEARCH_USER_PATHS = NO;
				ASSETCATALOG_COMPILER_GENERATE_SWIFT_ASSET_SYMBOL_EXTENSIONS = YES;
				CLANG_ANALYZER_NONNULL = YES;
				CLANG_ANALYZER_NUMBER_OBJECT_CONVERSION = YES_AGGRESSIVE;
				CLANG_CXX_LANGUAGE_STANDARD = "gnu++20";
				CLANG_ENABLE_MODULES = YES;
				CLANG_ENABLE_OBJC_ARC = YES;
				CLANG_ENABLE_OBJC_WEAK = YES;
				CLANG_WARN_BLOCK_CAPTURE_AUTORELEASING = YES;
				CLANG_WARN_BOOL_CONVERSION = YES;
				CLANG_WARN_COMMA = YES;
				CLANG_WARN_CONSTANT_CONVERSION = YES;
				CLANG_WARN_DEPRECATED_OBJC_IMPLEMENTATIONS = YES;
				CLANG_WARN_DIRECT_OBJC_ISA_USAGE = YES_ERROR;
				CLANG_WARN_DOCUMENTATION_COMMENTS = YES;
				CLANG_WARN_EMPTY_BODY = YES;
				CLANG_WARN_ENUM_CONVERSION = YES;
				CLANG_WARN_INFINITE_RECURSION = YES;
				CLANG_WARN_INT_CONVERSION = YES;
				CLANG_WARN_NON_LITERAL_NULL_CONVERSION = YES;
				CLANG_WARN_OBJC_IMPLICIT_RETAIN_SELF = YES;
				CLANG_WARN_OBJC_LITERAL_CONVERSION = YES;
				CLANG_WARN_OBJC_ROOT_CLASS = YES_ERROR;
				CLANG_WARN_QUOTED_INCLUDE_IN_FRAMEWORK_HEADER = YES;
				CLANG_WARN_RANGE_LOOP_ANALYSIS = YES;
				CLANG_WARN_STRICT_PROTOTYPES = YES;
				CLANG_WARN_SUSPICIOUS_MOVE = YES;
				CLANG_WARN_UNGUARDED_AVAILABILITY = YES_AGGRESSIVE;
				CLANG_WARN_UNREACHABLE_CODE = YES;
				CLANG_WARN__DUPLICATE_METHOD_MATCH = YES;
				COPY_PHASE_STRIP = NO;
				DEBUG_INFORMATION_FORMAT = dwarf;
				ENABLE_STRICT_OBJC_MSGSEND = YES;
				ENABLE_TESTABILITY = YES;
				ENABLE_USER_SCRIPT_SANDBOXING = YES;
				GCC_C_LANGUAGE_STANDARD = gnu17;
				GCC_DYNAMIC_NO_PIC = NO;
				GCC_NO_COMMON_BLOCKS = YES;
				GCC_OPTIMIZATION_LEVEL = 0;
				GCC_PREPROCESSOR_DEFINITIONS = (
					"DEBUG=1",
					"$(inherited)",
				);
				GCC_WARN_64_TO_32_BIT_CONVERSION = YES;
				GCC_WARN_ABOUT_RETURN_TYPE = YES_ERROR;
				GCC_WARN_UNDECLARED_SELECTOR = YES;
				GCC_WARN_UNINITIALIZED_AUTOS = YES_AGGRESSIVE;
				GCC_WARN_UNUSED_FUNCTION = YES;
				GCC_WARN_UNUSED_VARIABLE = YES;
				LOCALIZATION_PREFERS_STRING_CATALOGS = YES;
				MACOSX_DEPLOYMENT_TARGET = 15.0;
				MTL_ENABLE_DEBUG_INFO = INCLUDE_SOURCE;
				MTL_FAST_MATH = YES;
				ONLY_ACTIVE_ARCH = YES;
				SDKROOT = macosx;
				SWIFT_ACTIVE_COMPILATION_CONDITIONS = "DEBUG $(inherited)";
				SWIFT_OPTIMIZATION_LEVEL = "-Onone";
			};
			name = Debug;
		};
		372FF0B72DFAFFCD00259205 /* Release */ = {
			isa = XCBuildConfiguration;
			buildSettings = {
				ALWAYS_SEARCH_USER_PATHS = NO;
				ASSETCATALOG_COMPILER_GENERATE_SWIFT_ASSET_SYMBOL_EXTENSIONS = YES;
				CLANG_ANALYZER_NONNULL = YES;
				CLANG_ANALYZER_NUMBER_OBJECT_CONVERSION = YES_AGGRESSIVE;
				CLANG_CXX_LANGUAGE_STANDARD = "gnu++20";
				CLANG_ENABLE_MODULES = YES;
				CLANG_ENABLE_OBJC_ARC = YES;
				CLANG_ENABLE_OBJC_WEAK = YES;
				CLANG_WARN_BLOCK_CAPTURE_AUTORELEASING = YES;
				CLANG_WARN_BOOL_CONVERSION = YES;
				CLANG_WARN_COMMA = YES;
				CLANG_WARN_CONSTANT_CONVERSION = YES;
				CLANG_WARN_DEPRECATED_OBJC_IMPLEMENTATIONS = YES;
				CLANG_WARN_DIRECT_OBJC_ISA_USAGE = YES_ERROR;
				CLANG_WARN_DOCUMENTATION_COMMENTS = YES;
				CLANG_WARN_EMPTY_BODY = YES;
				CLANG_WARN_ENUM_CONVERSION = YES;
				CLANG_WARN_INFINITE_RECURSION = YES;
				CLANG_WARN_INT_CONVERSION = YES;
				CLANG_WARN_NON_LITERAL_NULL_CONVERSION = YES;
				CLANG_WARN_OBJC_IMPLICIT_RETAIN_SELF = YES;
				CLANG_WARN_OBJC_LITERAL_CONVERSION = YES;
				CLANG_WARN_OBJC_ROOT_CLASS = YES_ERROR;
				CLANG_WARN_QUOTED_INCLUDE_IN_FRAMEWORK_HEADER = YES;
				CLANG_WARN_RANGE_LOOP_ANALYSIS = YES;
				CLANG_WARN_STRICT_PROTOTYPES = YES;
				CLANG_WARN_SUSPICIOUS_MOVE = YES;
				CLANG_WARN_UNGUARDED_AVAILABILITY = YES_AGGRESSIVE;
				CLANG_WARN_UNREACHABLE_CODE = YES;
				CLANG_WARN__DUPLICATE_METHOD_MATCH = YES;
				COPY_PHASE_STRIP = NO;
				DEBUG_INFORMATION_FORMAT = "dwarf-with-dsym";
				ENABLE_NS_ASSERTIONS = NO;
				ENABLE_STRICT_OBJC_MSGSEND = YES;
				ENABLE_USER_SCRIPT_SANDBOXING = YES;
				GCC_C_LANGUAGE_STANDARD = gnu17;
				GCC_NO_COMMON_BLOCKS = YES;
				GCC_WARN_64_TO_32_BIT_CONVERSION = YES;
				GCC_WARN_ABOUT_RETURN_TYPE = YES_ERROR;
				GCC_WARN_UNDECLARED_SELECTOR = YES;
				GCC_WARN_UNINITIALIZED_AUTOS = YES_AGGRESSIVE;
				GCC_WARN_UNUSED_FUNCTION = YES;
				GCC_WARN_UNUSED_VARIABLE = YES;
				LOCALIZATION_PREFERS_STRING_CATALOGS = YES;
				MACOSX_DEPLOYMENT_TARGET = 15.0;
				MTL_ENABLE_DEBUG_INFO = NO;
				MTL_FAST_MATH = YES;
				SDKROOT = macosx;
				SWIFT_COMPILATION_MODE = wholemodule;
			};
			name = Release;
		};
		372FF0B92DFAFFCD00259205 /* Debug */ = {
			isa = XCBuildConfiguration;
			buildSettings = {
				ASSETCATALOG_COMPILER_APPICON_NAME = AppIcon;
				ASSETCATALOG_COMPILER_GLOBAL_ACCENT_COLOR_NAME = AccentColor;
				CODE_SIGN_ENTITLEMENTS = protector/protector.entitlements;
				"CODE_SIGN_IDENTITY[sdk=macosx*]" = "Apple Development";
				CODE_SIGN_STYLE = Automatic;
				COMBINE_HIDPI_IMAGES = YES;
				CURRENT_PROJECT_VERSION = 1;
				DEVELOPMENT_ASSET_PATHS = protector/Assets.xcassets;
				DEVELOPMENT_TEAM = Q6W7JU67P2;
				ENABLE_HARDENED_RUNTIME = YES;
				ENABLE_PREVIEWS = YES;
				GENERATE_INFOPLIST_FILE = YES;
				INFOPLIST_KEY_NSHumanReadableCopyright = "";
				LD_RUNPATH_SEARCH_PATHS = (
					"$(inherited)",
					"@executable_path/../Frameworks",
				);
				MARKETING_VERSION = 1.0;
				PRODUCT_BUNDLE_IDENTIFIER = "-1.0.protector";
				PRODUCT_NAME = "$(TARGET_NAME)";
				SWIFT_EMIT_LOC_STRINGS = YES;
				SWIFT_VERSION = 5.0;
			};
			name = Debug;
		};
		372FF0BA2DFAFFCD00259205 /* Release */ = {
			isa = XCBuildConfiguration;
			buildSettings = {
				ASSETCATALOG_COMPILER_APPICON_NAME = AppIcon;
				ASSETCATALOG_COMPILER_GLOBAL_ACCENT_COLOR_NAME = AccentColor;
				CODE_SIGN_ENTITLEMENTS = protector/protector.entitlements;
				"CODE_SIGN_IDENTITY[sdk=macosx*]" = "Apple Development";
				CODE_SIGN_STYLE = Automatic;
				COMBINE_HIDPI_IMAGES = YES;
				CURRENT_PROJECT_VERSION = 1;
				DEVELOPMENT_ASSET_PATHS = protector/Assets.xcassets;
				DEVELOPMENT_TEAM = Q6W7JU67P2;
				ENABLE_HARDENED_RUNTIME = YES;
				ENABLE_PREVIEWS = YES;
				GENERATE_INFOPLIST_FILE = YES;
				INFOPLIST_KEY_NSHumanReadableCopyright = "";
				LD_RUNPATH_SEARCH_PATHS = (
					"$(inherited)",
					"@executable_path/../Frameworks",
				);
				MARKETING_VERSION = 1.0;
				PRODUCT_BUNDLE_IDENTIFIER = "-1.0.protector";
				PRODUCT_NAME = "$(TARGET_NAME)";
				SWIFT_EMIT_LOC_STRINGS = YES;
				SWIFT_VERSION = 5.0;
			};
			name = Release;
		};
/* End XCBuildConfiguration section */

/* Begin XCConfigurationList section */
		372FF09F2DFAFFCA00259205 /* Build configuration list for PBXProject "protector" */ = {
			isa = XCConfigurationList;
			buildConfigurations = (
				372FF0B62DFAFFCD00259205 /* Debug */,
				372FF0B72DFAFFCD00259205 /* Release */,
			);
			defaultConfigurationIsVisible = 0;
			defaultConfigurationName = Release;
		};
		372FF0B82DFAFFCD00259205 /* Build configuration list for PBXNativeTarget "protector" */ = {
			isa = XCConfigurationList;
			buildConfigurations = (
				372FF0B92DFAFFCD00259205 /* Debug */,
				372FF0BA2DFAFFCD00259205 /* Release */,
			);
			defaultConfigurationIsVisible = 0;
			defaultConfigurationName = Release;
		};
/* End XCConfigurationList section */

/* Begin XCRemoteSwiftPackageReference section */
		37E2D2D02E0453A90027452D /* XCRemoteSwiftPackageReference "swift-syntax" */ = {
			isa = XCRemoteSwiftPackageReference;
			repositoryURL = "https://github.com/apple/swift-syntax.git";
			requirement = {
				kind = upToNextMajorVersion;
				minimumVersion = 601.0.1;
			};
		};
		37E2D2DB2E0453BF0027452D /* XCRemoteSwiftPackageReference "CodableCSV" */ = {
			isa = XCRemoteSwiftPackageReference;
			repositoryURL = "https://github.com/dehesa/CodableCSV.git";
			requirement = {
				kind = upToNextMajorVersion;
				minimumVersion = 0.6.7;
			};
		};
		37E2D2DE2E0453CE0027452D /* XCRemoteSwiftPackageReference "swift-log" */ = {
			isa = XCRemoteSwiftPackageReference;
			repositoryURL = "https://github.com/apple/swift-log.git";
			requirement = {
				kind = upToNextMajorVersion;
				minimumVersion = 1.6.3;
			};
		};
/* End XCRemoteSwiftPackageReference section */

/* Begin XCSwiftPackageProductDependency section */
		37E2D2D12E0453A90027452D /* SwiftBasicFormat */ = {
			isa = XCSwiftPackageProductDependency;
			package = 37E2D2D02E0453A90027452D /* XCRemoteSwiftPackageReference "swift-syntax" */;
			productName = SwiftBasicFormat;
		};
		37E2D2D32E0453A90027452D /* SwiftCompilerPlugin */ = {
			isa = XCSwiftPackageProductDependency;
			package = 37E2D2D02E0453A90027452D /* XCRemoteSwiftPackageReference "swift-syntax" */;
			productName = SwiftCompilerPlugin;
		};
		37E2D2D52E0453A90027452D /* SwiftDiagnostics */ = {
			isa = XCSwiftPackageProductDependency;
			package = 37E2D2D02E0453A90027452D /* XCRemoteSwiftPackageReference "swift-syntax" */;
			productName = SwiftDiagnostics;
		};
		37E2D2D72E0453A90027452D /* SwiftIDEUtils */ = {
			isa = XCSwiftPackageProductDependency;
			package = 37E2D2D02E0453A90027452D /* XCRemoteSwiftPackageReference "swift-syntax" */;
			productName = SwiftIDEUtils;
		};
		37E2D2D92E0453A90027452D /* SwiftIfConfig */ = {
			isa = XCSwiftPackageProductDependency;
			package = 37E2D2D02E0453A90027452D /* XCRemoteSwiftPackageReference "swift-syntax" */;
			productName = SwiftIfConfig;
		};
		37E2D2DC2E0453BF0027452D /* CodableCSV */ = {
			isa = XCSwiftPackageProductDependency;
			package = 37E2D2DB2E0453BF0027452D /* XCRemoteSwiftPackageReference "CodableCSV" */;
			productName = CodableCSV;
		};
		37E2D2DF2E0453CE0027452D /* Logging */ = {
			isa = XCSwiftPackageProductDependency;
			package = 37E2D2DE2E0453CE0027452D /* XCRemoteSwiftPackageReference "swift-log" */;
			productName = Logging;
		};
/* End XCSwiftPackageProductDependency section */
	};
	rootObject = 372FF09C2DFAFFCA00259205 /* Project object */;
}
